
Microsoft Visual Studio Solution File, Format Version 11.00
# Visual Studio 2010
Project("{FAE04EC0-301F-11D3-BF4B-00C04F79EFBC}") = "Elevator", "Elevator\Elevator.csproj", "{C489D166-D69F-4DA4-AB99-A548C608914C}"
EndProject
Project("{FAE04EC0-301F-11D3-BF4B-00C04F79EFBC}") = "Elevator.Tests", "Elevator.Tests\Elevator.Tests.csproj", "{261D5BB9-4C3D-42BD-91D8-695B07A6C9BE}"
EndProject
Project("{2150E333-8FDC-42A3-9474-1A3956D46DE8}") = ".nuget", ".nuget", "{22845A3F-C08F-42F8-9C3B-28E16E2315C1}"
	ProjectSection(SolutionItems) = preProject
		.nuget\NuGet.Config = .nuget\NuGet.Config
		.nuget\NuGet.exe = .nuget\NuGet.exe
		.nuget\NuGet.targets = .nuget\NuGet.targets
	EndProjectSection
EndProject
Project("{FAE04EC0-301F-11D3-BF4B-00C04F79EFBC}") = "Elevator.AcceptanceTests", "Elevator.AcceptanceTests\Elevator.AcceptanceTests.csproj", "{9794A3C1-88E3-44CA-BFBD-43A9BFECD38A}"
EndProject
Global
	GlobalSection(SolutionConfigurationPlatforms) = preSolution
		Debug|Any CPU = Debug|Any CPU
		Debug|Mixed Platforms = Debug|Mixed Platforms
		Debug|x86 = Debug|x86
		Release|Any CPU = Release|Any CPU
		Release|Mixed Platforms = Release|Mixed Platforms
		Release|x86 = Release|x86
	EndGlobalSection
	GlobalSection(ProjectConfigurationPlatforms) = postSolution
		{C489D166-D69F-4DA4-AB99-A548C608914C}.Debug|Any CPU.ActiveCfg = Debug|x86
		{C489D166-D69F-4DA4-AB99-A548C608914C}.Debug|Mixed Platforms.ActiveCfg = Debug|x86
		{C489D166-D69F-4DA4-AB99-A548C608914C}.Debug|Mixed Platforms.Build.0 = Debug|x86
		{C489D166-D69F-4DA4-AB99-A548C608914C}.Debug|x86.ActiveCfg = Debug|x86
		{C489D166-D69F-4DA4-AB99-A548C608914C}.Debug|x86.Build.0 = Debug|x86
		{C489D166-D69F-4DA4-AB99-A548C608914C}.Release|Any CPU.ActiveCfg = Release|x86
		{C489D166-D69F-4DA4-AB99-A548C608914C}.Release|Mixed Platforms.ActiveCfg = Release|x86
		{C489D166-D69F-4DA4-AB99-A548C608914C}.Release|Mixed Platforms.Build.0 = Release|x86
		{C489D166-D69F-4DA4-AB99-A548C608914C}.Release|x86.ActiveCfg = Release|x86
		{C489D166-D69F-4DA4-AB99-A548C608914C}.Release|x86.Build.0 = Release|x86
		{261D5BB9-4C3D-42BD-91D8-695B07A6C9BE}.Debug|Any CPU.ActiveCfg = Debug|Any CPU
		{261D5BB9-4C3D-42BD-91D8-695B07A6C9BE}.Debug|Any CPU.Build.0 = Debug|Any CPU
		{261D5BB9-4C3D-42BD-91D8-695B07A6C9BE}.Debug|Mixed Platforms.ActiveCfg = Debug|Any CPU
		{261D5BB9-4C3D-42BD-91D8-695B07A6C9BE}.Debug|Mixed Platforms.Build.0 = Debug|Any CPU
		{261D5BB9-4C3D-42BD-91D8-695B07A6C9BE}.Debug|x86.ActiveCfg = Debug|Any CPU
		{261D5BB9-4C3D-42BD-91D8-695B07A6C9BE}.Release|Any CPU.ActiveCfg = Release|Any CPU
		{261D5BB9-4C3D-42BD-91D8-695B07A6C9BE}.Release|Any CPU.Build.0 = Release|Any CPU
		{261D5BB9-4C3D-42BD-91D8-695B07A6C9BE}.Release|Mixed Platforms.ActiveCfg = Release|Any CPU
		{261D5BB9-4C3D-42BD-91D8-695B07A6C9BE}.Release|Mixed Platforms.Build.0 = Release|Any CPU
		{261D5BB9-4C3D-42BD-91D8-695B07A6C9BE}.Release|x86.ActiveCfg = Release|Any CPU
		{9794A3C1-88E3-44CA-BFBD-43A9BFECD38A}.Debug|Any CPU.ActiveCfg = Debug|Any CPU
		{9794A3C1-88E3-44CA-BFBD-43A9BFECD38A}.Debug|Any CPU.Build.0 = Debug|Any CPU
		{9794A3C1-88E3-44CA-BFBD-43A9BFECD38A}.Debug|Mixed Platforms.ActiveCfg = Debug|Any CPU
		{9794A3C1-88E3-44CA-BFBD-43A9BFECD38A}.Debug|Mixed Platforms.Build.0 = Debug|Any CPU
		{9794A3C1-88E3-44CA-BFBD-43A9BFECD38A}.Debug|x86.ActiveCfg = Debug|Any CPU
		{9794A3C1-88E3-44CA-BFBD-43A9BFECD38A}.Release|Any CPU.ActiveCfg = Release|Any CPU
		{9794A3C1-88E3-44CA-BFBD-43A9BFECD38A}.Release|Any CPU.Build.0 = Release|Any CPU
		{9794A3C1-88E3-44CA-BFBD-43A9BFECD38A}.Release|Mixed Platforms.ActiveCfg = Release|Any CPU
		{9794A3C1-88E3-44CA-BFBD-43A9BFECD38A}.Release|Mixed Platforms.Build.0 = Release|Any CPU
		{9794A3C1-88E3-44CA-BFBD-43A9BFECD38A}.Release|x86.ActiveCfg = Release|Any CPU
	EndGlobalSection
	GlobalSection(SolutionProperties) = preSolution
		HideSolutionNode = FALSE
	EndGlobalSection
EndGlobal
